
Microsoft Visual Studio Solution File, Format Version 12.00
# Visual Studio 15
VisualStudioVersion = 15.0.28010.2050
MinimumVisualStudioVersion = 10.0.40219.1
Project("{FAE04EC0-301F-11D3-BF4B-00C04F79EFBC}") = "v2rayN", "v2rayN\v2rayN.csproj", "{0A9785E6-D256-4B73-9757-4EF59955FD1E}"
EndProject
Global
	GlobalSection(SolutionConfigurationPlatforms) = preSolution
		Debug|Any CPU = Debug|Any CPU
		Debug|x86 = Debug|x86
		Release|Any CPU = Release|Any CPU
		Release|x86 = Release|x86
	EndGlobalSection
	GlobalSection(ProjectConfigurationPlatforms) = postSolution
		{0A9785E6-D256-4B73-9757-4EF59955FD1E}.Debug|Any CPU.ActiveCfg = Debug|Any CPU
		{0A9785E6-D256-4B73-9757-4EF59955FD1E}.Debug|Any CPU.Build.0 = Debug|Any CPU
		{0A9785E6-D256-4B73-9757-4EF59955FD1E}.Debug|x86.ActiveCfg = Debug|Any CPU
		{0A9785E6-D256-4B73-9757-4EF59955FD1E}.Debug|x86.Build.0 = Debug|Any CPU
		{0A9785E6-D256-4B73-9757-4EF59955FD1E}.Release|Any CPU.ActiveCfg = Release|Any CPU
		{0A9785E6-D256-4B73-9757-4EF59955FD1E}.Release|Any CPU.Build.0 = Release|Any CPU
		{0A9785E6-D256-4B73-9757-4EF59955FD1E}.Release|x86.ActiveCfg = Release|Any CPU
	EndGlobalSection
	GlobalSection(SolutionProperties) = preSolution
		HideSolutionNode = FALSE
	EndGlobalSection
	GlobalSection(ExtensibilityGlobals) = postSolution
		SolutionGuid = {56B88873-C9CC-4069-A1E5-DABD6C6E865E}
	EndGlobalSection
EndGlobal
