
Microsoft Visual Studio Solution File, Format Version 12.00
# Visual Studio Version 17
VisualStudioVersion = 17.3.32811.315
MinimumVisualStudioVersion = 10.0.40219.1
Project("{9A19103F-16F7-4668-BE54-9A1E7A4F7556}") = "v2rayN", "v2rayN\v2rayN.csproj", "{6DE127CA-1763-4236-B297-D2EF9CB2EC9B}"
EndProject
Project("{9A19103F-16F7-4668-BE54-9A1E7A4F7556}") = "ProtosLib", "ProtosLib\ProtosLib.csproj", "{C5F24BB0-9CC1-44DD-82FF-D545F081819B}"
EndProject
Project("{9A19103F-16F7-4668-BE54-9A1E7A4F7556}") = "PacLib", "PacLib\PacLib.csproj", "{EE4E6CD8-8353-446B-8F29-A841A02AE5EC}"
EndProject
Project("{9A19103F-16F7-4668-BE54-9A1E7A4F7556}") = "v2rayUpgrade", "v2rayUpgrade\v2rayUpgrade.csproj", "{3CD0B9E8-331B-42C6-A395-4DA0FD4BC8EB}"
EndProject
Global
	GlobalSection(SolutionConfigurationPlatforms) = preSolution
		Debug|Any CPU = Debug|Any CPU
		Release|Any CPU = Release|Any CPU
	EndGlobalSection
	GlobalSection(ProjectConfigurationPlatforms) = postSolution
		{6DE127CA-1763-4236-B297-D2EF9CB2EC9B}.Debug|Any CPU.ActiveCfg = Debug|Any CPU
		{6DE127CA-1763-4236-B297-D2EF9CB2EC9B}.Debug|Any CPU.Build.0 = Debug|Any CPU
		{6DE127CA-1763-4236-B297-D2EF9CB2EC9B}.Release|Any CPU.ActiveCfg = Release|Any CPU
		{6DE127CA-1763-4236-B297-D2EF9CB2EC9B}.Release|Any CPU.Build.0 = Release|Any CPU
		{C5F24BB0-9CC1-44DD-82FF-D545F081819B}.Debug|Any CPU.ActiveCfg = Debug|Any CPU
		{C5F24BB0-9CC1-44DD-82FF-D545F081819B}.Debug|Any CPU.Build.0 = Debug|Any CPU
		{C5F24BB0-9CC1-44DD-82FF-D545F081819B}.Release|Any CPU.ActiveCfg = Release|Any CPU
		{C5F24BB0-9CC1-44DD-82FF-D545F081819B}.Release|Any CPU.Build.0 = Release|Any CPU
		{EE4E6CD8-8353-446B-8F29-A841A02AE5EC}.Debug|Any CPU.ActiveCfg = Debug|Any CPU
		{EE4E6CD8-8353-446B-8F29-A841A02AE5EC}.Debug|Any CPU.Build.0 = Debug|Any CPU
		{EE4E6CD8-8353-446B-8F29-A841A02AE5EC}.Release|Any CPU.ActiveCfg = Release|Any CPU
		{EE4E6CD8-8353-446B-8F29-A841A02AE5EC}.Release|Any CPU.Build.0 = Release|Any CPU
		{3CD0B9E8-331B-42C6-A395-4DA0FD4BC8EB}.Debug|Any CPU.ActiveCfg = Debug|Any CPU
		{3CD0B9E8-331B-42C6-A395-4DA0FD4BC8EB}.Debug|Any CPU.Build.0 = Debug|Any CPU
		{3CD0B9E8-331B-42C6-A395-4DA0FD4BC8EB}.Release|Any CPU.ActiveCfg = Release|Any CPU
		{3CD0B9E8-331B-42C6-A395-4DA0FD4BC8EB}.Release|Any CPU.Build.0 = Release|Any CPU
	EndGlobalSection
	GlobalSection(SolutionProperties) = preSolution
		HideSolutionNode = FALSE
	EndGlobalSection
	GlobalSection(ExtensibilityGlobals) = postSolution
		SolutionGuid = {43E06CBD-3DA9-40A3-8E4D-F0943CB0DD32}
	EndGlobalSection
EndGlobal
